{
  "requires": true,
  "lockfileVersion": 1,
  "dependencies": {
    "@agm/core": {
      "version": "1.0.0",
      "resolved": "https://registry.npmjs.org/@agm/core/-/core-1.0.0.tgz",
      "integrity": "sha512-tgrobTyAHCZ3cdi21IdiBafiHLxsC5/6ncq6+f9RV+HrLg0XDuk+DA7upfdE34o2Ui3fNRDYDIgExRVFLsSPCw==",
      "requires": {
        "tslib": "^1.9.0"
      }
    },
    "@angular/animations": {
      "version": "7.2.8",
      "resolved": "https://registry.npmjs.org/@angular/animations/-/animations-7.2.8.tgz",
      "integrity": "sha512-dJn9koYukyz15TouBc+z5z9fdThDk+bKgdlij25eYSu5Mpmtk04gB4eIMQA97K0UDh1d4YukgSJ5w3ZIk0m8DQ==",
      "requires": {
        "tslib": "^1.9.0"
      }
    },
    "ng6-toastr-notifications": {
      "version": "1.0.4",
      "resolved": "https://registry.npmjs.org/ng6-toastr-notifications/-/ng6-toastr-notifications-1.0.4.tgz",
      "integrity": "sha512-5miEItoUOhnQfawBRqKyO2+h/C4k/53vWx3QniOl4dMHL8KqHCsccBCSuHyLpHC2ZYxIXXJLI8ArbeLI4L12Uw==",
      "requires": {
        "tslib": "^1.9.0"
      }
    },
    "tslib": {
      "version": "1.10.0",
      "resolved": "https://registry.npmjs.org/tslib/-/tslib-1.10.0.tgz",
      "integrity": "sha512-qOebF53frne81cf0S9B41ByenJ3/IuH8yJKngAX35CmiZySA0khhkovshKK+jGCaMnVomla7gVlIcc3EvKPbTQ=="
    }
  }
}
